// !$*UTF8*$!
{
	archiveVersion = 1;
	classes = {
	};
	objectVersion = 50;
	objects = {

/* Begin PBXBuildFile section */
		492E39EA25E1849800AD75A3 /* RunChallengeApp.swift in Sources */ = {isa = PBXBuildFile; fileRef = 492E39E925E1849800AD75A3 /* RunChallengeApp.swift */; };
		492E39EC25E1849800AD75A3 /* ContentView.swift in Sources */ = {isa = PBXBuildFile; fileRef = 492E39EB25E1849800AD75A3 /* ContentView.swift */; };
		492E39EE25E1849900AD75A3 /* Assets.xcassets in Resources */ = {isa = PBXBuildFile; fileRef = 492E39ED25E1849900AD75A3 /* Assets.xcassets */; };
		492E39F125E1849900AD75A3 /* Preview Assets.xcassets in Resources */ = {isa = PBXBuildFile; fileRef = 492E39F025E1849900AD75A3 /* Preview Assets.xcassets */; };
		492E39FC25E184F100AD75A3 /* HealthKit.framework in Frameworks */ = {isa = PBXBuildFile; fileRef = 492E39FB25E184F100AD75A3 /* HealthKit.framework */; };
		492E39FF25E185D100AD75A3 /* HealthKitSetup.swift in Sources */ = {isa = PBXBuildFile; fileRef = 492E39FE25E185D100AD75A3 /* HealthKitSetup.swift */; };
		492E3A0225E1889200AD75A3 /* HealthKitQuery.swift in Sources */ = {isa = PBXBuildFile; fileRef = 492E3A0125E1889200AD75A3 /* HealthKitQuery.swift */; };
		492E3A4925E1972300AD75A3 /* WidgetKit.framework in Frameworks */ = {isa = PBXBuildFile; fileRef = 492E3A4825E1972300AD75A3 /* WidgetKit.framework */; };
		492E3A4B25E1972300AD75A3 /* SwiftUI.framework in Frameworks */ = {isa = PBXBuildFile; fileRef = 492E3A4A25E1972300AD75A3 /* SwiftUI.framework */; };
		492E3A4E25E1972300AD75A3 /* EXTRunChallengeWidget.swift in Sources */ = {isa = PBXBuildFile; fileRef = 492E3A4D25E1972300AD75A3 /* EXTRunChallengeWidget.swift */; };
		492E3A5025E1972400AD75A3 /* Assets.xcassets in Resources */ = {isa = PBXBuildFile; fileRef = 492E3A4F25E1972400AD75A3 /* Assets.xcassets */; };
		492E3A5425E1972400AD75A3 /* EXTRunChallengeWidgetExtension.appex in Embed App Extensions */ = {isa = PBXBuildFile; fileRef = 492E3A4725E1972300AD75A3 /* EXTRunChallengeWidgetExtension.appex */; settings = {ATTRIBUTES = (RemoveHeadersOnCopy, ); }; };
/* End PBXBuildFile section */

/* Begin PBXContainerItemProxy section */
		492E3A5225E1972400AD75A3 /* PBXContainerItemProxy */ = {
			isa = PBXContainerItemProxy;
			containerPortal = 492E39DE25E1849800AD75A3 /* Project object */;
			proxyType = 1;
			remoteGlobalIDString = 492E3A4625E1972300AD75A3;
			remoteInfo = EXTRunChallengeWidgetExtension;
		};
/* End PBXContainerItemProxy section */

/* Begin PBXCopyFilesBuildPhase section */
		492E3A5525E1972400AD75A3 /* Embed App Extensions */ = {
			isa = PBXCopyFilesBuildPhase;
			buildActionMask = 2147483647;
			dstPath = "";
			dstSubfolderSpec = 13;
			files = (
				492E3A5425E1972400AD75A3 /* EXTRunChallengeWidgetExtension.appex in Embed App Extensions */,
			);
			name = "Embed App Extensions";
			runOnlyForDeploymentPostprocessing = 0;
		};
/* End PBXCopyFilesBuildPhase section */

/* Begin PBXFileReference section */
		492E39E625E1849800AD75A3 /* RunChallenge.app */ = {isa = PBXFileReference; explicitFileType = wrapper.application; includeInIndex = 0; path = RunChallenge.app; sourceTree = BUILT_PRODUCTS_DIR; };
		492E39E925E1849800AD75A3 /* RunChallengeApp.swift */ = {isa = PBXFileReference; lastKnownFileType = sourcecode.swift; path = RunChallengeApp.swift; sourceTree = "<group>"; };
		492E39EB25E1849800AD75A3 /* ContentView.swift */ = {isa = PBXFileReference; lastKnownFileType = sourcecode.swift; path = ContentView.swift; sourceTree = "<group>"; };
		492E39ED25E1849900AD75A3 /* Assets.xcassets */ = {isa = PBXFileReference; lastKnownFileType = folder.assetcatalog; path = Assets.xcassets; sourceTree = "<group>"; };
		492E39F025E1849900AD75A3 /* Preview Assets.xcassets */ = {isa = PBXFileReference; lastKnownFileType = folder.assetcatalog; path = "Preview Assets.xcassets"; sourceTree = "<group>"; };
		492E39F225E1849900AD75A3 /* Info.plist */ = {isa = PBXFileReference; lastKnownFileType = text.plist.xml; path = Info.plist; sourceTree = "<group>"; };
		492E39F925E184F100AD75A3 /* RunChallenge.entitlements */ = {isa = PBXFileReference; lastKnownFileType = text.plist.entitlements; path = RunChallenge.entitlements; sourceTree = "<group>"; };
		492E39FB25E184F100AD75A3 /* HealthKit.framework */ = {isa = PBXFileReference; lastKnownFileType = wrapper.framework; name = HealthKit.framework; path = System/Library/Frameworks/HealthKit.framework; sourceTree = SDKROOT; };
		492E39FE25E185D100AD75A3 /* HealthKitSetup.swift */ = {isa = PBXFileReference; lastKnownFileType = sourcecode.swift; path = HealthKitSetup.swift; sourceTree = "<group>"; };
		492E3A0125E1889200AD75A3 /* HealthKitQuery.swift */ = {isa = PBXFileReference; lastKnownFileType = sourcecode.swift; path = HealthKitQuery.swift; sourceTree = "<group>"; };
		492E3A4725E1972300AD75A3 /* EXTRunChallengeWidgetExtension.appex */ = {isa = PBXFileReference; explicitFileType = "wrapper.app-extension"; includeInIndex = 0; path = EXTRunChallengeWidgetExtension.appex; sourceTree = BUILT_PRODUCTS_DIR; };
		492E3A4825E1972300AD75A3 /* WidgetKit.framework */ = {isa = PBXFileReference; lastKnownFileType = wrapper.framework; name = WidgetKit.framework; path = System/Library/Frameworks/WidgetKit.framework; sourceTree = SDKROOT; };
		492E3A4A25E1972300AD75A3 /* SwiftUI.framework */ = {isa = PBXFileReference; lastKnownFileType = wrapper.framework; name = SwiftUI.framework; path = System/Library/Frameworks/SwiftUI.framework; sourceTree = SDKROOT; };
		492E3A4D25E1972300AD75A3 /* EXTRunChallengeWidget.swift */ = {isa = PBXFileReference; lastKnownFileType = sourcecode.swift; path = EXTRunChallengeWidget.swift; sourceTree = "<group>"; };
		492E3A4F25E1972400AD75A3 /* Assets.xcassets */ = {isa = PBXFileReference; lastKnownFileType = folder.assetcatalog; path = Assets.xcassets; sourceTree = "<group>"; };
		492E3A5125E1972400AD75A3 /* Info.plist */ = {isa = PBXFileReference; lastKnownFileType = text.plist.xml; path = Info.plist; sourceTree = "<group>"; };
		492E3A5D25E199A200AD75A3 /* EXTRunChallengeWidgetExtension.entitlements */ = {isa = PBXFileReference; lastKnownFileType = text.plist.entitlements; path = EXTRunChallengeWidgetExtension.entitlements; sourceTree = "<group>"; };
/* End PBXFileReference section */

/* Begin PBXFrameworksBuildPhase section */
		492E39E325E1849800AD75A3 /* Frameworks */ = {
			isa = PBXFrameworksBuildPhase;
			buildActionMask = 2147483647;
			files = (
				492E39FC25E184F100AD75A3 /* HealthKit.framework in Frameworks */,
			);
			runOnlyForDeploymentPostprocessing = 0;
		};
		492E3A4425E1972300AD75A3 /* Frameworks */ = {
			isa = PBXFrameworksBuildPhase;
			buildActionMask = 2147483647;
			files = (
				492E3A4B25E1972300AD75A3 /* SwiftUI.framework in Frameworks */,
				492E3A4925E1972300AD75A3 /* WidgetKit.framework in Frameworks */,
			);
			runOnlyForDeploymentPostprocessing = 0;
		};
/* End PBXFrameworksBuildPhase section */

/* Begin PBXGroup section */
		492E39DD25E1849800AD75A3 = {
			isa = PBXGroup;
			children = (
				492E3A5D25E199A200AD75A3 /* EXTRunChallengeWidgetExtension.entitlements */,
				492E39E825E1849800AD75A3 /* RunChallenge */,
				492E3A4C25E1972300AD75A3 /* EXTRunChallengeWidget */,
				492E39E725E1849800AD75A3 /* Products */,
				492E39FA25E184F100AD75A3 /* Frameworks */,
			);
			sourceTree = "<group>";
		};
		492E39E725E1849800AD75A3 /* Products */ = {
			isa = PBXGroup;
			children = (
				492E39E625E1849800AD75A3 /* RunChallenge.app */,
				492E3A4725E1972300AD75A3 /* EXTRunChallengeWidgetExtension.appex */,
			);
			name = Products;
			sourceTree = "<group>";
		};
		492E39E825E1849800AD75A3 /* RunChallenge */ = {
			isa = PBXGroup;
			children = (
				492E39F925E184F100AD75A3 /* RunChallenge.entitlements */,
				492E39E925E1849800AD75A3 /* RunChallengeApp.swift */,
				492E39EB25E1849800AD75A3 /* ContentView.swift */,
				492E39ED25E1849900AD75A3 /* Assets.xcassets */,
				492E39F225E1849900AD75A3 /* Info.plist */,
				492E39EF25E1849900AD75A3 /* Preview Content */,
				492E39FE25E185D100AD75A3 /* HealthKitSetup.swift */,
				492E3A0125E1889200AD75A3 /* HealthKitQuery.swift */,
			);
			path = RunChallenge;
			sourceTree = "<group>";
		};
		492E39EF25E1849900AD75A3 /* Preview Content */ = {
			isa = PBXGroup;
			children = (
				492E39F025E1849900AD75A3 /* Preview Assets.xcassets */,
			);
			path = "Preview Content";
			sourceTree = "<group>";
		};
		492E39FA25E184F100AD75A3 /* Frameworks */ = {
			isa = PBXGroup;
			children = (
				492E39FB25E184F100AD75A3 /* HealthKit.framework */,
				492E3A4825E1972300AD75A3 /* WidgetKit.framework */,
				492E3A4A25E1972300AD75A3 /* SwiftUI.framework */,
			);
			name = Frameworks;
			sourceTree = "<group>";
		};
		492E3A4C25E1972300AD75A3 /* EXTRunChallengeWidget */ = {
			isa = PBXGroup;
			children = (
				492E3A4D25E1972300AD75A3 /* EXTRunChallengeWidget.swift */,
				492E3A4F25E1972400AD75A3 /* Assets.xcassets */,
				492E3A5125E1972400AD75A3 /* Info.plist */,
			);
			path = EXTRunChallengeWidget;
			sourceTree = "<group>";
		};
/* End PBXGroup section */

/* Begin PBXNativeTarget section */
		492E39E525E1849800AD75A3 /* RunChallenge */ = {
			isa = PBXNativeTarget;
			buildConfigurationList = 492E39F525E1849900AD75A3 /* Build configuration list for PBXNativeTarget "RunChallenge" */;
			buildPhases = (
				492E39E225E1849800AD75A3 /* Sources */,
				492E39E325E1849800AD75A3 /* Frameworks */,
				492E39E425E1849800AD75A3 /* Resources */,
				492E3A5525E1972400AD75A3 /* Embed App Extensions */,
			);
			buildRules = (
			);
			dependencies = (
				492E3A5325E1972400AD75A3 /* PBXTargetDependency */,
			);
			name = RunChallenge;
			productName = RunChallenge;
			productReference = 492E39E625E1849800AD75A3 /* RunChallenge.app */;
			productType = "com.apple.product-type.application";
		};
		492E3A4625E1972300AD75A3 /* EXTRunChallengeWidgetExtension */ = {
			isa = PBXNativeTarget;
			buildConfigurationList = 492E3A5825E1972400AD75A3 /* Build configuration list for PBXNativeTarget "EXTRunChallengeWidgetExtension" */;
			buildPhases = (
				492E3A4325E1972300AD75A3 /* Sources */,
				492E3A4425E1972300AD75A3 /* Frameworks */,
				492E3A4525E1972300AD75A3 /* Resources */,
			);
			buildRules = (
			);
			dependencies = (
			);
			name = EXTRunChallengeWidgetExtension;
			productName = EXTRunChallengeWidgetExtension;
			productReference = 492E3A4725E1972300AD75A3 /* EXTRunChallengeWidgetExtension.appex */;
			productType = "com.apple.product-type.app-extension";
		};
/* End PBXNativeTarget section */

/* Begin PBXProject section */
		492E39DE25E1849800AD75A3 /* Project object */ = {
			isa = PBXProject;
			attributes = {
				LastSwiftUpdateCheck = 1240;
				LastUpgradeCheck = 1240;
				TargetAttributes = {
					492E39E525E1849800AD75A3 = {
						CreatedOnToolsVersion = 12.4;
					};
					492E3A4625E1972300AD75A3 = {
						CreatedOnToolsVersion = 12.4;
					};
				};
			};
			buildConfigurationList = 492E39E125E1849800AD75A3 /* Build configuration list for PBXProject "RunChallenge" */;
			compatibilityVersion = "Xcode 9.3";
			developmentRegion = en;
			hasScannedForEncodings = 0;
			knownRegions = (
				en,
				Base,
			);
			mainGroup = 492E39DD25E1849800AD75A3;
			productRefGroup = 492E39E725E1849800AD75A3 /* Products */;
			projectDirPath = "";
			projectRoot = "";
			targets = (
				492E39E525E1849800AD75A3 /* RunChallenge */,
				492E3A4625E1972300AD75A3 /* EXTRunChallengeWidgetExtension */,
			);
		};
/* End PBXProject section */

/* Begin PBXResourcesBuildPhase section */
		492E39E425E1849800AD75A3 /* Resources */ = {
			isa = PBXResourcesBuildPhase;
			buildActionMask = 2147483647;
			files = (
				492E39F125E1849900AD75A3 /* Preview Assets.xcassets in Resources */,
				492E39EE25E1849900AD75A3 /* Assets.xcassets in Resources */,
			);
			runOnlyForDeploymentPostprocessing = 0;
		};
		492E3A4525E1972300AD75A3 /* Resources */ = {
			isa = PBXResourcesBuildPhase;
			buildActionMask = 2147483647;
			files = (
				492E3A5025E1972400AD75A3 /* Assets.xcassets in Resources */,
			);
			runOnlyForDeploymentPostprocessing = 0;
		};
/* End PBXResourcesBuildPhase section */

/* Begin PBXSourcesBuildPhase section */
		492E39E225E1849800AD75A3 /* Sources */ = {
			isa = PBXSourcesBuildPhase;
			buildActionMask = 2147483647;
			files = (
				492E39EC25E1849800AD75A3 /* ContentView.swift in Sources */,
				492E39EA25E1849800AD75A3 /* RunChallengeApp.swift in Sources */,
				492E39FF25E185D100AD75A3 /* HealthKitSetup.swift in Sources */,
				492E3A0225E1889200AD75A3 /* HealthKitQuery.swift in Sources */,
			);
			runOnlyForDeploymentPostprocessing = 0;
		};
		492E3A4325E1972300AD75A3 /* Sources */ = {
			isa = PBXSourcesBuildPhase;
			buildActionMask = 2147483647;
			files = (
				492E3A4E25E1972300AD75A3 /* EXTRunChallengeWidget.swift in Sources */,
			);
			runOnlyForDeploymentPostprocessing = 0;
		};
/* End PBXSourcesBuildPhase section */

/* Begin PBXTargetDependency section */
		492E3A5325E1972400AD75A3 /* PBXTargetDependency */ = {
			isa = PBXTargetDependency;
			target = 492E3A4625E1972300AD75A3 /* EXTRunChallengeWidgetExtension */;
			targetProxy = 492E3A5225E1972400AD75A3 /* PBXContainerItemProxy */;
		};
/* End PBXTargetDependency section */

/* Begin XCBuildConfiguration section */
		492E39F325E1849900AD75A3 /* Debug */ = {
			isa = XCBuildConfiguration;
			buildSettings = {
				ALWAYS_SEARCH_USER_PATHS = NO;
				CLANG_ANALYZER_NONNULL = YES;
				CLANG_ANALYZER_NUMBER_OBJECT_CONVERSION = YES_AGGRESSIVE;
				CLANG_CXX_LANGUAGE_STANDARD = "gnu++14";
				CLANG_CXX_LIBRARY = "libc++";
				CLANG_ENABLE_MODULES = YES;
				CLANG_ENABLE_OBJC_ARC = YES;
				CLANG_ENABLE_OBJC_WEAK = YES;
				CLANG_WARN_BLOCK_CAPTURE_AUTORELEASING = YES;
				CLANG_WARN_BOOL_CONVERSION = YES;
				CLANG_WARN_COMMA = YES;
				CLANG_WARN_CONSTANT_CONVERSION = YES;
				CLANG_WARN_DEPRECATED_OBJC_IMPLEMENTATIONS = YES;
				CLANG_WARN_DIRECT_OBJC_ISA_USAGE = YES_ERROR;
				CLANG_WARN_DOCUMENTATION_COMMENTS = YES;
				CLANG_WARN_EMPTY_BODY = YES;
				CLANG_WARN_ENUM_CONVERSION = YES;
				CLANG_WARN_INFINITE_RECURSION = YES;
				CLANG_WARN_INT_CONVERSION = YES;
				CLANG_WARN_NON_LITERAL_NULL_CONVERSION = YES;
				CLANG_WARN_OBJC_IMPLICIT_RETAIN_SELF = YES;
				CLANG_WARN_OBJC_LITERAL_CONVERSION = YES;
				CLANG_WARN_OBJC_ROOT_CLASS = YES_ERROR;
				CLANG_WARN_QUOTED_INCLUDE_IN_FRAMEWORK_HEADER = YES;
				CLANG_WARN_RANGE_LOOP_ANALYSIS = YES;
				CLANG_WARN_STRICT_PROTOTYPES = YES;
				CLANG_WARN_SUSPICIOUS_MOVE = YES;
				CLANG_WARN_UNGUARDED_AVAILABILITY = YES_AGGRESSIVE;
				CLANG_WARN_UNREACHABLE_CODE = YES;
				CLANG_WARN__DUPLICATE_METHOD_MATCH = YES;
				COPY_PHASE_STRIP = NO;
				DEBUG_INFORMATION_FORMAT = dwarf;
				ENABLE_STRICT_OBJC_MSGSEND = YES;
				ENABLE_TESTABILITY = YES;
				GCC_C_LANGUAGE_STANDARD = gnu11;
				GCC_DYNAMIC_NO_PIC = NO;
				GCC_NO_COMMON_BLOCKS = YES;
				GCC_OPTIMIZATION_LEVEL = 0;
				GCC_PREPROCESSOR_DEFINITIONS = (
					"DEBUG=1",
					"$(inherited)",
				);
				GCC_WARN_64_TO_32_BIT_CONVERSION = YES;
				GCC_WARN_ABOUT_RETURN_TYPE = YES_ERROR;
				GCC_WARN_UNDECLARED_SELECTOR = YES;
				GCC_WARN_UNINITIALIZED_AUTOS = YES_AGGRESSIVE;
				GCC_WARN_UNUSED_FUNCTION = YES;
				GCC_WARN_UNUSED_VARIABLE = YES;
				IPHONEOS_DEPLOYMENT_TARGET = 14.4;
				MTL_ENABLE_DEBUG_INFO = INCLUDE_SOURCE;
				MTL_FAST_MATH = YES;
				ONLY_ACTIVE_ARCH = YES;
				SDKROOT = iphoneos;
				SWIFT_ACTIVE_COMPILATION_CONDITIONS = DEBUG;
				SWIFT_OPTIMIZATION_LEVEL = "-Onone";
			};
			name = Debug;
		};
		492E39F425E1849900AD75A3 /* Release */ = {
			isa = XCBuildConfiguration;
			buildSettings = {
				ALWAYS_SEARCH_USER_PATHS = NO;
				CLANG_ANALYZER_NONNULL = YES;
				CLANG_ANALYZER_NUMBER_OBJECT_CONVERSION = YES_AGGRESSIVE;
				CLANG_CXX_LANGUAGE_STANDARD = "gnu++14";
				CLANG_CXX_LIBRARY = "libc++";
				CLANG_ENABLE_MODULES = YES;
				CLANG_ENABLE_OBJC_ARC = YES;
				CLANG_ENABLE_OBJC_WEAK = YES;
				CLANG_WARN_BLOCK_CAPTURE_AUTORELEASING = YES;
				CLANG_WARN_BOOL_CONVERSION = YES;
				CLANG_WARN_COMMA = YES;
				CLANG_WARN_CONSTANT_CONVERSION = YES;
				CLANG_WARN_DEPRECATED_OBJC_IMPLEMENTATIONS = YES;
				CLANG_WARN_DIRECT_OBJC_ISA_USAGE = YES_ERROR;
				CLANG_WARN_DOCUMENTATION_COMMENTS = YES;
				CLANG_WARN_EMPTY_BODY = YES;
				CLANG_WARN_ENUM_CONVERSION = YES;
				CLANG_WARN_INFINITE_RECURSION = YES;
				CLANG_WARN_INT_CONVERSION = YES;
				CLANG_WARN_NON_LITERAL_NULL_CONVERSION = YES;
				CLANG_WARN_OBJC_IMPLICIT_RETAIN_SELF = YES;
				CLANG_WARN_OBJC_LITERAL_CONVERSION = YES;
				CLANG_WARN_OBJC_ROOT_CLASS = YES_ERROR;
				CLANG_WARN_QUOTED_INCLUDE_IN_FRAMEWORK_HEADER = YES;
				CLANG_WARN_RANGE_LOOP_ANALYSIS = YES;
				CLANG_WARN_STRICT_PROTOTYPES = YES;
				CLANG_WARN_SUSPICIOUS_MOVE = YES;
				CLANG_WARN_UNGUARDED_AVAILABILITY = YES_AGGRESSIVE;
				CLANG_WARN_UNREACHABLE_CODE = YES;
				CLANG_WARN__DUPLICATE_METHOD_MATCH = YES;
				COPY_PHASE_STRIP = NO;
				DEBUG_INFORMATION_FORMAT = "dwarf-with-dsym";
				ENABLE_NS_ASSERTIONS = NO;
				ENABLE_STRICT_OBJC_MSGSEND = YES;
				GCC_C_LANGUAGE_STANDARD = gnu11;
				GCC_NO_COMMON_BLOCKS = YES;
				GCC_WARN_64_TO_32_BIT_CONVERSION = YES;
				GCC_WARN_ABOUT_RETURN_TYPE = YES_ERROR;
				GCC_WARN_UNDECLARED_SELECTOR = YES;
				GCC_WARN_UNINITIALIZED_AUTOS = YES_AGGRESSIVE;
				GCC_WARN_UNUSED_FUNCTION = YES;
				GCC_WARN_UNUSED_VARIABLE = YES;
				IPHONEOS_DEPLOYMENT_TARGET = 14.4;
				MTL_ENABLE_DEBUG_INFO = NO;
				MTL_FAST_MATH = YES;
				SDKROOT = iphoneos;
				SWIFT_COMPILATION_MODE = wholemodule;
				SWIFT_OPTIMIZATION_LEVEL = "-O";
				VALIDATE_PRODUCT = YES;
			};
			name = Release;
		};
		492E39F625E1849900AD75A3 /* Debug */ = {
			isa = XCBuildConfiguration;
			buildSettings = {
				ALWAYS_EMBED_SWIFT_STANDARD_LIBRARIES = YES;
				ASSETCATALOG_COMPILER_APPICON_NAME = AppIcon;
				ASSETCATALOG_COMPILER_GLOBAL_ACCENT_COLOR_NAME = AccentColor;
				CODE_SIGN_ENTITLEMENTS = RunChallenge/RunChallenge.entitlements;
				CODE_SIGN_STYLE = Automatic;
				DEVELOPMENT_ASSET_PATHS = "\"RunChallenge/Preview Content\"";
				DEVELOPMENT_TEAM = Q26M52G72C;
				ENABLE_PREVIEWS = YES;
				INFOPLIST_FILE = RunChallenge/Info.plist;
				IPHONEOS_DEPLOYMENT_TARGET = 14.0;
				LD_RUNPATH_SEARCH_PATHS = (
					"$(inherited)",
					"@executable_path/Frameworks",
				);
				PRODUCT_BUNDLE_IDENTIFIER = com.bildstrich.net.RunChallenge;
				PRODUCT_NAME = "$(TARGET_NAME)";
				SWIFT_VERSION = 5.0;
				TARGETED_DEVICE_FAMILY = 1;
			};
			name = Debug;
		};
		492E39F725E1849900AD75A3 /* Release */ = {
			isa = XCBuildConfiguration;
			buildSettings = {
				ALWAYS_EMBED_SWIFT_STANDARD_LIBRARIES = YES;
				ASSETCATALOG_COMPILER_APPICON_NAME = AppIcon;
				ASSETCATALOG_COMPILER_GLOBAL_ACCENT_COLOR_NAME = AccentColor;
				CODE_SIGN_ENTITLEMENTS = RunChallenge/RunChallenge.entitlements;
				CODE_SIGN_STYLE = Automatic;
				DEVELOPMENT_ASSET_PATHS = "\"RunChallenge/Preview Content\"";
				DEVELOPMENT_TEAM = Q26M52G72C;
				ENABLE_PREVIEWS = YES;
				INFOPLIST_FILE = RunChallenge/Info.plist;
				IPHONEOS_DEPLOYMENT_TARGET = 14.0;
				LD_RUNPATH_SEARCH_PATHS = (
					"$(inherited)",
					"@executable_path/Frameworks",
				);
				PRODUCT_BUNDLE_IDENTIFIER = com.bildstrich.net.RunChallenge;
				PRODUCT_NAME = "$(TARGET_NAME)";
				SWIFT_VERSION = 5.0;
				TARGETED_DEVICE_FAMILY = 1;
			};
			name = Release;
		};
		492E3A5625E1972400AD75A3 /* Debug */ = {
			isa = XCBuildConfiguration;
			buildSettings = {
				ASSETCATALOG_COMPILER_GLOBAL_ACCENT_COLOR_NAME = AccentColor;
				ASSETCATALOG_COMPILER_WIDGET_BACKGROUND_COLOR_NAME = WidgetBackground;
				CODE_SIGN_ENTITLEMENTS = EXTRunChallengeWidgetExtension.entitlements;
				CODE_SIGN_STYLE = Automatic;
				DEVELOPMENT_TEAM = Q26M52G72C;
				INFOPLIST_FILE = EXTRunChallengeWidget/Info.plist;
				LD_RUNPATH_SEARCH_PATHS = (
					"$(inherited)",
					"@executable_path/Frameworks",
					"@executable_path/../../Frameworks",
				);
				PRODUCT_BUNDLE_IDENTIFIER = com.bildstrich.net.RunChallenge.EXTRunChallengeWidget;
				PRODUCT_NAME = "$(TARGET_NAME)";
				SKIP_INSTALL = YES;
				SWIFT_VERSION = 5.0;
				TARGETED_DEVICE_FAMILY = "1,2";
			};
			name = Debug;
		};
		492E3A5725E1972400AD75A3 /* Release */ = {
			isa = XCBuildConfiguration;
			buildSettings = {
				ASSETCATALOG_COMPILER_GLOBAL_ACCENT_COLOR_NAME = AccentColor;
				ASSETCATALOG_COMPILER_WIDGET_BACKGROUND_COLOR_NAME = WidgetBackground;
				CODE_SIGN_ENTITLEMENTS = EXTRunChallengeWidgetExtension.entitlements;
				CODE_SIGN_STYLE = Automatic;
				DEVELOPMENT_TEAM = Q26M52G72C;
				INFOPLIST_FILE = EXTRunChallengeWidget/Info.plist;
				LD_RUNPATH_SEARCH_PATHS = (
					"$(inherited)",
					"@executable_path/Frameworks",
					"@executable_path/../../Frameworks",
				);
				PRODUCT_BUNDLE_IDENTIFIER = com.bildstrich.net.RunChallenge.EXTRunChallengeWidget;
				PRODUCT_NAME = "$(TARGET_NAME)";
				SKIP_INSTALL = YES;
				SWIFT_VERSION = 5.0;
				TARGETED_DEVICE_FAMILY = "1,2";
			};
			name = Release;
		};
/* End XCBuildConfiguration section */

/* Begin XCConfigurationList section */
		492E39E125E1849800AD75A3 /* Build configuration list for PBXProject "RunChallenge" */ = {
			isa = XCConfigurationList;
			buildConfigurations = (
				492E39F325E1849900AD75A3 /* Debug */,
				492E39F425E1849900AD75A3 /* Release */,
			);
			defaultConfigurationIsVisible = 0;
			defaultConfigurationName = Release;
		};
		492E39F525E1849900AD75A3 /* Build configuration list for PBXNativeTarget "RunChallenge" */ = {
			isa = XCConfigurationList;
			buildConfigurations = (
				492E39F625E1849900AD75A3 /* Debug */,
				492E39F725E1849900AD75A3 /* Release */,
			);
			defaultConfigurationIsVisible = 0;
			defaultConfigurationName = Release;
		};
		492E3A5825E1972400AD75A3 /* Build configuration list for PBXNativeTarget "EXTRunChallengeWidgetExtension" */ = {
			isa = XCConfigurationList;
			buildConfigurations = (
				492E3A5625E1972400AD75A3 /* Debug */,
				492E3A5725E1972400AD75A3 /* Release */,
			);
			defaultConfigurationIsVisible = 0;
			defaultConfigurationName = Release;
		};
/* End XCConfigurationList section */
	};
	rootObject = 492E39DE25E1849800AD75A3 /* Project object */;
}
